
Microsoft Visual Studio Solution File, Format Version 12.00
# Visual Studio Version 16
VisualStudioVersion = 16.0.30611.23
MinimumVisualStudioVersion = 10.0.40219.1
Project("{FAE04EC0-301F-11D3-BF4B-00C04F79EFBC}") = "StockManagement", "StockManagement\StockManagement.csproj", "{E34AF161-F455-42AF-AA8E-D95D686DC09B}"
EndProject
Project("{FAE04EC0-301F-11D3-BF4B-00C04F79EFBC}") = "BLL", "BLL\BLL.csproj", "{CF3CAE52-8370-4A25-92FC-C42C88115E40}"
EndProject
Project("{FAE04EC0-301F-11D3-BF4B-00C04F79EFBC}") = "DAL", "DAL\DAL.csproj", "{A16F7F10-DE2C-4611-8C95-F594F5819D87}"
EndProject
Project("{2150E333-8FDC-42A3-9474-1A3956D46DE8}") = "Solution Items", "Solution Items", "{E3C67F49-7A74-48FF-9F47-BCBACF23710D}"
	ProjectSection(SolutionItems) = preProject
		.editorconfig = .editorconfig
	EndProjectSection
EndProject
Global
	GlobalSection(SolutionConfigurationPlatforms) = preSolution
		Debug|Any CPU = Debug|Any CPU
		Release|Any CPU = Release|Any CPU
	EndGlobalSection
	GlobalSection(ProjectConfigurationPlatforms) = postSolution
		{E34AF161-F455-42AF-AA8E-D95D686DC09B}.Debug|Any CPU.ActiveCfg = Debug|Any CPU
		{E34AF161-F455-42AF-AA8E-D95D686DC09B}.Debug|Any CPU.Build.0 = Debug|Any CPU
		{E34AF161-F455-42AF-AA8E-D95D686DC09B}.Release|Any CPU.ActiveCfg = Release|Any CPU
		{E34AF161-F455-42AF-AA8E-D95D686DC09B}.Release|Any CPU.Build.0 = Release|Any CPU
		{CF3CAE52-8370-4A25-92FC-C42C88115E40}.Debug|Any CPU.ActiveCfg = Debug|Any CPU
		{CF3CAE52-8370-4A25-92FC-C42C88115E40}.Debug|Any CPU.Build.0 = Debug|Any CPU
		{CF3CAE52-8370-4A25-92FC-C42C88115E40}.Release|Any CPU.ActiveCfg = Release|Any CPU
		{CF3CAE52-8370-4A25-92FC-C42C88115E40}.Release|Any CPU.Build.0 = Release|Any CPU
		{A16F7F10-DE2C-4611-8C95-F594F5819D87}.Debug|Any CPU.ActiveCfg = Debug|Any CPU
		{A16F7F10-DE2C-4611-8C95-F594F5819D87}.Debug|Any CPU.Build.0 = Debug|Any CPU
		{A16F7F10-DE2C-4611-8C95-F594F5819D87}.Release|Any CPU.ActiveCfg = Release|Any CPU
		{A16F7F10-DE2C-4611-8C95-F594F5819D87}.Release|Any CPU.Build.0 = Release|Any CPU
	EndGlobalSection
	GlobalSection(SolutionProperties) = preSolution
		HideSolutionNode = FALSE
	EndGlobalSection
	GlobalSection(ExtensibilityGlobals) = postSolution
		SolutionGuid = {7E86691C-7012-43CF-8324-43D5E37CA181}
	EndGlobalSection
EndGlobal
